
Microsoft Visual Studio Solution File, Format Version 12.00
# Visual Studio 14
VisualStudioVersion = 14.0.25420.1
MinimumVisualStudioVersion = 10.0.40219.1
Project("{FAE04EC0-301F-11D3-BF4B-00C04F79EFBC}") = "MetroDom.Conductor", "MetroDom.Conductor\MetroDom.Conductor.csproj", "{170E75C8-6739-42D3-8E81-E4703989FA94}"
EndProject
Project("{FAE04EC0-301F-11D3-BF4B-00C04F79EFBC}") = "MetroDom.Core", "MetroDom.Core\MetroDom.Core.csproj", "{B274D009-7A6E-43F7-815A-CA429396F78C}"
EndProject
Project("{FAE04EC0-301F-11D3-BF4B-00C04F79EFBC}") = "MetroDom.Tests", "MetroDom.Tests\MetroDom.Tests.csproj", "{6CD49910-C5DD-4601-8804-5E11F5A2CC6A}"
EndProject
Global
	GlobalSection(SolutionConfigurationPlatforms) = preSolution
		Debug|Any CPU = Debug|Any CPU
		Release|Any CPU = Release|Any CPU
	EndGlobalSection
	GlobalSection(ProjectConfigurationPlatforms) = postSolution
		{170E75C8-6739-42D3-8E81-E4703989FA94}.Debug|Any CPU.ActiveCfg = Debug|Any CPU
		{170E75C8-6739-42D3-8E81-E4703989FA94}.Debug|Any CPU.Build.0 = Debug|Any CPU
		{170E75C8-6739-42D3-8E81-E4703989FA94}.Release|Any CPU.ActiveCfg = Release|Any CPU
		{170E75C8-6739-42D3-8E81-E4703989FA94}.Release|Any CPU.Build.0 = Release|Any CPU
		{B274D009-7A6E-43F7-815A-CA429396F78C}.Debug|Any CPU.ActiveCfg = Debug|Any CPU
		{B274D009-7A6E-43F7-815A-CA429396F78C}.Debug|Any CPU.Build.0 = Debug|Any CPU
		{B274D009-7A6E-43F7-815A-CA429396F78C}.Release|Any CPU.ActiveCfg = Release|Any CPU
		{B274D009-7A6E-43F7-815A-CA429396F78C}.Release|Any CPU.Build.0 = Release|Any CPU
		{6CD49910-C5DD-4601-8804-5E11F5A2CC6A}.Debug|Any CPU.ActiveCfg = Debug|Any CPU
		{6CD49910-C5DD-4601-8804-5E11F5A2CC6A}.Debug|Any CPU.Build.0 = Debug|Any CPU
		{6CD49910-C5DD-4601-8804-5E11F5A2CC6A}.Release|Any CPU.ActiveCfg = Release|Any CPU
		{6CD49910-C5DD-4601-8804-5E11F5A2CC6A}.Release|Any CPU.Build.0 = Release|Any CPU
	EndGlobalSection
	GlobalSection(SolutionProperties) = preSolution
		HideSolutionNode = FALSE
	EndGlobalSection
EndGlobal
